
Microsoft Visual Studio Solution File, Format Version 12.00
# Visual Studio 15
VisualStudioVersion = 15.0.28307.102
MinimumVisualStudioVersion = 10.0.40219.1
Project("{FAE04EC0-301F-11D3-BF4B-00C04F79EFBC}") = "STH.BiometricIdentityService.Api", "STH.BiometricIdentityService.Api\STH.BiometricIdentityService.Api.csproj", "{9C3656AF-72FD-40E9-8484-DBACB2871BA9}"
EndProject
Project("{FAE04EC0-301F-11D3-BF4B-00C04F79EFBC}") = "STH.BiometricIdentityService.Data", "STH.BiometricIdentityService.Data\STH.BiometricIdentityService.Data.csproj", "{2EB8C0D0-0233-45FE-99DF-47409C988DF6}"
EndProject
Project("{FAE04EC0-301F-11D3-BF4B-00C04F79EFBC}") = "STH.BiometricIdentityService.Infrastructure", "STH.BiometricIdentityService.Infrastructure\STH.BiometricIdentityService.Infrastructure.csproj", "{DB5A3921-CA79-4416-A6C9-D28661F7783F}"
EndProject
Project("{FAE04EC0-301F-11D3-BF4B-00C04F79EFBC}") = "STH.BiometricIdentityService.Domain", "STH.BiometricIdentityService.Domain\STH.BiometricIdentityService.Domain.csproj", "{9C99E45B-2102-47CF-B0F7-4E48E935071B}"
EndProject
Project("{2150E333-8FDC-42A3-9474-1A3956D46DE8}") = "Tests", "Tests", "{8C819927-DF3B-4DC2-ADBA-CC7613DBFA77}"
EndProject
Project("{FAE04EC0-301F-11D3-BF4B-00C04F79EFBC}") = "STH.BiometricIdentityService.Api.Tests", "STH.BiometricIdentityService.Api.Tests\STH.BiometricIdentityService.Api.Tests.csproj", "{784E7433-31F8-4735-8F56-A2FCEE1496D4}"
EndProject
Project("{FAE04EC0-301F-11D3-BF4B-00C04F79EFBC}") = "STH.BiometricIdentityService.Data.Tests", "STH.BiometricIdentityService.Data.Tests\STH.BiometricIdentityService.Data.Tests.csproj", "{7B3A2A59-C245-4C1B-80C9-AD71ABAB0063}"
EndProject
Project("{FAE04EC0-301F-11D3-BF4B-00C04F79EFBC}") = "STH.BiometricIdentityService.Domain.Tests", "STH.BiometricIdentityService.Domain.Tests\STH.BiometricIdentityService.Domain.Tests.csproj", "{AC245335-013B-4F4D-8387-F500090A474F}"
EndProject
Project("{FAE04EC0-301F-11D3-BF4B-00C04F79EFBC}") = "STH.BiometricIdentityService.Infrastructure.Tests", "STH.BiometricIdentityService.Infranstructure.Tests\STH.BiometricIdentityService.Infrastructure.Tests.csproj", "{35C2D986-8DC8-40D2-86DE-155A0AD5E2BE}"
EndProject
Project("{FAE04EC0-301F-11D3-BF4B-00C04F79EFBC}") = "STH.BiometricIdentityService.FvtClient", "STH.BiometricIdentityService.FvtClient\STH.BiometricIdentityService.FvtClient.csproj", "{560C2058-B385-4A1C-B17E-F2F2CF62438C}"
EndProject
Project("{FAE04EC0-301F-11D3-BF4B-00C04F79EFBC}") = "STH.BiometricIdentityService.FvtClient.Tests", "STH.BiometricIdentityService.FvtClient.Tests\STH.BiometricIdentityService.FvtClient.Tests.csproj", "{AE1CF763-3DAD-48C6-B46F-082CD58CC7FE}"
EndProject
Global
	GlobalSection(SolutionConfigurationPlatforms) = preSolution
		Debug|Any CPU = Debug|Any CPU
		Release|Any CPU = Release|Any CPU
	EndGlobalSection
	GlobalSection(ProjectConfigurationPlatforms) = postSolution
		{9C3656AF-72FD-40E9-8484-DBACB2871BA9}.Debug|Any CPU.ActiveCfg = Debug|Any CPU
		{9C3656AF-72FD-40E9-8484-DBACB2871BA9}.Debug|Any CPU.Build.0 = Debug|Any CPU
		{9C3656AF-72FD-40E9-8484-DBACB2871BA9}.Release|Any CPU.ActiveCfg = Release|Any CPU
		{9C3656AF-72FD-40E9-8484-DBACB2871BA9}.Release|Any CPU.Build.0 = Release|Any CPU
		{2EB8C0D0-0233-45FE-99DF-47409C988DF6}.Debug|Any CPU.ActiveCfg = Debug|Any CPU
		{2EB8C0D0-0233-45FE-99DF-47409C988DF6}.Debug|Any CPU.Build.0 = Debug|Any CPU
		{2EB8C0D0-0233-45FE-99DF-47409C988DF6}.Release|Any CPU.ActiveCfg = Release|Any CPU
		{2EB8C0D0-0233-45FE-99DF-47409C988DF6}.Release|Any CPU.Build.0 = Release|Any CPU
		{DB5A3921-CA79-4416-A6C9-D28661F7783F}.Debug|Any CPU.ActiveCfg = Debug|Any CPU
		{DB5A3921-CA79-4416-A6C9-D28661F7783F}.Debug|Any CPU.Build.0 = Debug|Any CPU
		{DB5A3921-CA79-4416-A6C9-D28661F7783F}.Release|Any CPU.ActiveCfg = Release|Any CPU
		{DB5A3921-CA79-4416-A6C9-D28661F7783F}.Release|Any CPU.Build.0 = Release|Any CPU
		{9C99E45B-2102-47CF-B0F7-4E48E935071B}.Debug|Any CPU.ActiveCfg = Debug|Any CPU
		{9C99E45B-2102-47CF-B0F7-4E48E935071B}.Debug|Any CPU.Build.0 = Debug|Any CPU
		{9C99E45B-2102-47CF-B0F7-4E48E935071B}.Release|Any CPU.ActiveCfg = Release|Any CPU
		{9C99E45B-2102-47CF-B0F7-4E48E935071B}.Release|Any CPU.Build.0 = Release|Any CPU
		{784E7433-31F8-4735-8F56-A2FCEE1496D4}.Debug|Any CPU.ActiveCfg = Debug|Any CPU
		{784E7433-31F8-4735-8F56-A2FCEE1496D4}.Debug|Any CPU.Build.0 = Debug|Any CPU
		{784E7433-31F8-4735-8F56-A2FCEE1496D4}.Release|Any CPU.ActiveCfg = Release|Any CPU
		{784E7433-31F8-4735-8F56-A2FCEE1496D4}.Release|Any CPU.Build.0 = Release|Any CPU
		{7B3A2A59-C245-4C1B-80C9-AD71ABAB0063}.Debug|Any CPU.ActiveCfg = Debug|Any CPU
		{7B3A2A59-C245-4C1B-80C9-AD71ABAB0063}.Debug|Any CPU.Build.0 = Debug|Any CPU
		{7B3A2A59-C245-4C1B-80C9-AD71ABAB0063}.Release|Any CPU.ActiveCfg = Release|Any CPU
		{7B3A2A59-C245-4C1B-80C9-AD71ABAB0063}.Release|Any CPU.Build.0 = Release|Any CPU
		{AC245335-013B-4F4D-8387-F500090A474F}.Debug|Any CPU.ActiveCfg = Debug|Any CPU
		{AC245335-013B-4F4D-8387-F500090A474F}.Debug|Any CPU.Build.0 = Debug|Any CPU
		{AC245335-013B-4F4D-8387-F500090A474F}.Release|Any CPU.ActiveCfg = Release|Any CPU
		{AC245335-013B-4F4D-8387-F500090A474F}.Release|Any CPU.Build.0 = Release|Any CPU
		{35C2D986-8DC8-40D2-86DE-155A0AD5E2BE}.Debug|Any CPU.ActiveCfg = Debug|Any CPU
		{35C2D986-8DC8-40D2-86DE-155A0AD5E2BE}.Debug|Any CPU.Build.0 = Debug|Any CPU
		{35C2D986-8DC8-40D2-86DE-155A0AD5E2BE}.Release|Any CPU.ActiveCfg = Release|Any CPU
		{35C2D986-8DC8-40D2-86DE-155A0AD5E2BE}.Release|Any CPU.Build.0 = Release|Any CPU
		{560C2058-B385-4A1C-B17E-F2F2CF62438C}.Debug|Any CPU.ActiveCfg = Debug|Any CPU
		{560C2058-B385-4A1C-B17E-F2F2CF62438C}.Debug|Any CPU.Build.0 = Debug|Any CPU
		{560C2058-B385-4A1C-B17E-F2F2CF62438C}.Release|Any CPU.ActiveCfg = Release|Any CPU
		{560C2058-B385-4A1C-B17E-F2F2CF62438C}.Release|Any CPU.Build.0 = Release|Any CPU
		{AE1CF763-3DAD-48C6-B46F-082CD58CC7FE}.Debug|Any CPU.ActiveCfg = Debug|Any CPU
		{AE1CF763-3DAD-48C6-B46F-082CD58CC7FE}.Debug|Any CPU.Build.0 = Debug|Any CPU
		{AE1CF763-3DAD-48C6-B46F-082CD58CC7FE}.Release|Any CPU.ActiveCfg = Release|Any CPU
		{AE1CF763-3DAD-48C6-B46F-082CD58CC7FE}.Release|Any CPU.Build.0 = Release|Any CPU
	EndGlobalSection
	GlobalSection(SolutionProperties) = preSolution
		HideSolutionNode = FALSE
	EndGlobalSection
	GlobalSection(NestedProjects) = preSolution
		{784E7433-31F8-4735-8F56-A2FCEE1496D4} = {8C819927-DF3B-4DC2-ADBA-CC7613DBFA77}
		{7B3A2A59-C245-4C1B-80C9-AD71ABAB0063} = {8C819927-DF3B-4DC2-ADBA-CC7613DBFA77}
		{AC245335-013B-4F4D-8387-F500090A474F} = {8C819927-DF3B-4DC2-ADBA-CC7613DBFA77}
		{35C2D986-8DC8-40D2-86DE-155A0AD5E2BE} = {8C819927-DF3B-4DC2-ADBA-CC7613DBFA77}
		{AE1CF763-3DAD-48C6-B46F-082CD58CC7FE} = {8C819927-DF3B-4DC2-ADBA-CC7613DBFA77}
	EndGlobalSection
	GlobalSection(ExtensibilityGlobals) = postSolution
		SolutionGuid = {7B80A14F-B8D8-4887-933F-5F46BF0EEC79}
	EndGlobalSection
EndGlobal
